{
  "name": "datepicker-webcomponent",
  "version": "0.0.1",
  "lockfileVersion": 2,
  "requires": true,
  "packages": {
    "": {
      "name": "datepicker-webcomponent",
      "version": "0.0.1",
      "license": "GPL-3.0-or-later",
      "devDependencies": {
        "@stencil/core": "^4.12.6"
      }
    },
    "node_modules/@stencil/core": {
      "version": "4.12.6",
      "resolved": "https://registry.npmjs.org/@stencil/core/-/core-4.12.6.tgz",
      "integrity": "sha512-15JO2TdaxGVKNdLZb/2TtDa+juj3XGD/V0y/disgdzYYSnajgSh06nwODfdHz9eTUh1Hisz+KIo857I1rCZrfg==",
      "dev": true,
      "bin": {
        "stencil": "bin/stencil"
      },
      "engines": {
        "node": ">=16.0.0",
        "npm": ">=7.10.0"
      }
    }
  },
  "dependencies": {
    "@stencil/core": {
      "version": "4.12.6",
      "resolved": "https://registry.npmjs.org/@stencil/core/-/core-4.12.6.tgz",
      "integrity": "sha512-15JO2TdaxGVKNdLZb/2TtDa+juj3XGD/V0y/disgdzYYSnajgSh06nwODfdHz9eTUh1Hisz+KIo857I1rCZrfg==",
      "dev": true
    }
  }
}
