{
  "name": "datepicker-webcomponent",
  "version": "0.0.1",
  "lockfileVersion": 2,
  "requires": true,
  "packages": {
    "": {
      "name": "datepicker-webcomponent",
      "version": "0.0.1",
      "license": "GPL-3.0-or-later",
      "devDependencies": {
        "@stencil/core": "^4.12.6",
        "@stencil/sass": "^3.0.10",
        "typescript": "^5.4.2"
      }
    },
    "node_modules/@stencil/core": {
      "version": "4.12.6",
      "resolved": "https://registry.npmjs.org/@stencil/core/-/core-4.12.6.tgz",
      "integrity": "sha512-15JO2TdaxGVKNdLZb/2TtDa+juj3XGD/V0y/disgdzYYSnajgSh06nwODfdHz9eTUh1Hisz+KIo857I1rCZrfg==",
      "dev": true,
      "bin": {
        "stencil": "bin/stencil"
      },
      "engines": {
        "node": ">=16.0.0",
        "npm": ">=7.10.0"
      }
    },
    "node_modules/@stencil/sass": {
      "version": "3.0.10",
      "resolved": "https://registry.npmjs.org/@stencil/sass/-/sass-3.0.10.tgz",
      "integrity": "sha512-G4JdKDhEXEBS4+Riy5WVxPRXfHdfEwPopmPne8fm9ilQpaTRyl3BMpbxt63ijHtQjH0KtH8jxmRiTYamP4BfIA==",
      "dev": true,
      "engines": {
        "node": ">=12.0.0",
        "npm": ">=6.0.0"
      },
      "peerDependencies": {
        "@stencil/core": ">=2.0.0 || >=3.0.0-beta.0 || >= 4.0.0-beta.0 || >= 4.0.0"
      }
    },
    "node_modules/typescript": {
      "version": "5.4.2",
      "resolved": "https://registry.npmjs.org/typescript/-/typescript-5.4.2.tgz",
      "integrity": "sha512-+2/g0Fds1ERlP6JsakQQDXjZdZMM+rqpamFZJEKh4kwTIn3iDkgKtby0CeNd5ATNZ4Ry1ax15TMx0W2V+miizQ==",
      "dev": true,
      "bin": {
        "tsc": "bin/tsc",
        "tsserver": "bin/tsserver"
      },
      "engines": {
        "node": ">=14.17"
      }
    }
  },
  "dependencies": {
    "@stencil/core": {
      "version": "4.12.6",
      "resolved": "https://registry.npmjs.org/@stencil/core/-/core-4.12.6.tgz",
      "integrity": "sha512-15JO2TdaxGVKNdLZb/2TtDa+juj3XGD/V0y/disgdzYYSnajgSh06nwODfdHz9eTUh1Hisz+KIo857I1rCZrfg==",
      "dev": true
    },
    "@stencil/sass": {
      "version": "3.0.10",
      "resolved": "https://registry.npmjs.org/@stencil/sass/-/sass-3.0.10.tgz",
      "integrity": "sha512-G4JdKDhEXEBS4+Riy5WVxPRXfHdfEwPopmPne8fm9ilQpaTRyl3BMpbxt63ijHtQjH0KtH8jxmRiTYamP4BfIA==",
      "dev": true,
      "requires": {}
    },
    "typescript": {
      "version": "5.4.2",
      "resolved": "https://registry.npmjs.org/typescript/-/typescript-5.4.2.tgz",
      "integrity": "sha512-+2/g0Fds1ERlP6JsakQQDXjZdZMM+rqpamFZJEKh4kwTIn3iDkgKtby0CeNd5ATNZ4Ry1ax15TMx0W2V+miizQ==",
      "dev": true
    }
  }
}
